
Microsoft Visual Studio Solution File, Format Version 11.00
# Visual Studio 2010
Project("{FAE04EC0-301F-11D3-BF4B-00C04F79EFBC}") = "CoffeeScript.Compiler.Web", "CoffeeScript.Compiler.Web\CoffeeScript.Compiler.Web.csproj", "{6B612CBC-F6AD-498E-83AF-485C1AE97A93}"
EndProject
Global
	GlobalSection(SolutionConfigurationPlatforms) = preSolution
		Debug|Any CPU = Debug|Any CPU
		Release|Any CPU = Release|Any CPU
	EndGlobalSection
	GlobalSection(ProjectConfigurationPlatforms) = postSolution
		{6B612CBC-F6AD-498E-83AF-485C1AE97A93}.Debug|Any CPU.ActiveCfg = Debug|Any CPU
		{6B612CBC-F6AD-498E-83AF-485C1AE97A93}.Debug|Any CPU.Build.0 = Debug|Any CPU
		{6B612CBC-F6AD-498E-83AF-485C1AE97A93}.Release|Any CPU.ActiveCfg = Release|Any CPU
		{6B612CBC-F6AD-498E-83AF-485C1AE97A93}.Release|Any CPU.Build.0 = Release|Any CPU
	EndGlobalSection
	GlobalSection(SolutionProperties) = preSolution
		HideSolutionNode = FALSE
	EndGlobalSection
EndGlobal
