
Microsoft Visual Studio Solution File, Format Version 10.00
# Visual Studio 2008
Project("{FAE04EC0-301F-11D3-BF4B-00C04F79EFBC}") = "CoffeeScript.Compiler", "CoffeeScript.Compiler\CoffeeScript.Compiler.csproj", "{699F78A5-E1E7-4FB5-BC55-FA62E3A6A095}"
EndProject
Project("{FAE04EC0-301F-11D3-BF4B-00C04F79EFBC}") = "ncoffee", "ncoffee\ncoffee.csproj", "{A56A1CFA-4D79-40D2-BB50-91BB018BDC62}"
EndProject
Global
	GlobalSection(SolutionConfigurationPlatforms) = preSolution
		Debug|Any CPU = Debug|Any CPU
		Debug|Mixed Platforms = Debug|Mixed Platforms
		Debug|x86 = Debug|x86
		Release|Any CPU = Release|Any CPU
		Release|Mixed Platforms = Release|Mixed Platforms
		Release|x86 = Release|x86
	EndGlobalSection
	GlobalSection(ProjectConfigurationPlatforms) = postSolution
		{699F78A5-E1E7-4FB5-BC55-FA62E3A6A095}.Debug|Any CPU.ActiveCfg = Debug|Any CPU
		{699F78A5-E1E7-4FB5-BC55-FA62E3A6A095}.Debug|Any CPU.Build.0 = Debug|Any CPU
		{699F78A5-E1E7-4FB5-BC55-FA62E3A6A095}.Debug|Mixed Platforms.ActiveCfg = Debug|Any CPU
		{699F78A5-E1E7-4FB5-BC55-FA62E3A6A095}.Debug|Mixed Platforms.Build.0 = Debug|Any CPU
		{699F78A5-E1E7-4FB5-BC55-FA62E3A6A095}.Debug|x86.ActiveCfg = Debug|Any CPU
		{699F78A5-E1E7-4FB5-BC55-FA62E3A6A095}.Release|Any CPU.ActiveCfg = Release|Any CPU
		{699F78A5-E1E7-4FB5-BC55-FA62E3A6A095}.Release|Any CPU.Build.0 = Release|Any CPU
		{699F78A5-E1E7-4FB5-BC55-FA62E3A6A095}.Release|Mixed Platforms.ActiveCfg = Release|Any CPU
		{699F78A5-E1E7-4FB5-BC55-FA62E3A6A095}.Release|Mixed Platforms.Build.0 = Release|Any CPU
		{699F78A5-E1E7-4FB5-BC55-FA62E3A6A095}.Release|x86.ActiveCfg = Release|Any CPU
		{A56A1CFA-4D79-40D2-BB50-91BB018BDC62}.Debug|Any CPU.ActiveCfg = Debug|x86
		{A56A1CFA-4D79-40D2-BB50-91BB018BDC62}.Debug|Mixed Platforms.ActiveCfg = Debug|x86
		{A56A1CFA-4D79-40D2-BB50-91BB018BDC62}.Debug|Mixed Platforms.Build.0 = Debug|x86
		{A56A1CFA-4D79-40D2-BB50-91BB018BDC62}.Debug|x86.ActiveCfg = Debug|x86
		{A56A1CFA-4D79-40D2-BB50-91BB018BDC62}.Debug|x86.Build.0 = Debug|x86
		{A56A1CFA-4D79-40D2-BB50-91BB018BDC62}.Release|Any CPU.ActiveCfg = Release|x86
		{A56A1CFA-4D79-40D2-BB50-91BB018BDC62}.Release|Mixed Platforms.ActiveCfg = Release|x86
		{A56A1CFA-4D79-40D2-BB50-91BB018BDC62}.Release|Mixed Platforms.Build.0 = Release|x86
		{A56A1CFA-4D79-40D2-BB50-91BB018BDC62}.Release|x86.ActiveCfg = Release|x86
		{A56A1CFA-4D79-40D2-BB50-91BB018BDC62}.Release|x86.Build.0 = Release|x86
	EndGlobalSection
	GlobalSection(SolutionProperties) = preSolution
		HideSolutionNode = FALSE
	EndGlobalSection
EndGlobal
